
Microsoft Visual Studio Solution File, Format Version 12.00
# Visual Studio Version 16
VisualStudioVersion = 16.0.30907.101
MinimumVisualStudioVersion = 10.0.40219.1
Project("{FAE04EC0-301F-11D3-BF4B-00C04F79EFBC}") = "TestWeek6", "TestWeek6\TestWeek6.csproj", "{854DD42D-8611-4368-9052-4B42CC60E4CA}"
EndProject
Global
	GlobalSection(SolutionConfigurationPlatforms) = preSolution
		Debug|Any CPU = Debug|Any CPU
		Release|Any CPU = Release|Any CPU
	EndGlobalSection
	GlobalSection(ProjectConfigurationPlatforms) = postSolution
		{854DD42D-8611-4368-9052-4B42CC60E4CA}.Debug|Any CPU.ActiveCfg = Debug|Any CPU
		{854DD42D-8611-4368-9052-4B42CC60E4CA}.Debug|Any CPU.Build.0 = Debug|Any CPU
		{854DD42D-8611-4368-9052-4B42CC60E4CA}.Release|Any CPU.ActiveCfg = Release|Any CPU
		{854DD42D-8611-4368-9052-4B42CC60E4CA}.Release|Any CPU.Build.0 = Release|Any CPU
	EndGlobalSection
	GlobalSection(SolutionProperties) = preSolution
		HideSolutionNode = FALSE
	EndGlobalSection
	GlobalSection(ExtensibilityGlobals) = postSolution
		SolutionGuid = {AAA8C37A-2875-4203-BF09-F2327F74B5B7}
	EndGlobalSection
EndGlobal
